
Microsoft Visual Studio Solution File, Format Version 12.00
# Visual Studio Version 16
VisualStudioVersion = 16.0.28803.352
MinimumVisualStudioVersion = 10.0.40219.1
Project("{FAE04EC0-301F-11D3-BF4B-00C04F79EFBC}") = "TwitchBot", "TwitchBot\TwitchBot.csproj", "{62A82F1C-150F-46DF-8D43-EA763AA73324}"
EndProject
Project("{FAE04EC0-301F-11D3-BF4B-00C04F79EFBC}") = "TestingConsole", "TestingConsole\TestingConsole.csproj", "{815A8707-C065-4B36-ACE0-F40FF4809D92}"
EndProject
Global
	GlobalSection(SolutionConfigurationPlatforms) = preSolution
		Debug|Any CPU = Debug|Any CPU
		Release|Any CPU = Release|Any CPU
	EndGlobalSection
	GlobalSection(ProjectConfigurationPlatforms) = postSolution
		{62A82F1C-150F-46DF-8D43-EA763AA73324}.Debug|Any CPU.ActiveCfg = Debug|Any CPU
		{62A82F1C-150F-46DF-8D43-EA763AA73324}.Debug|Any CPU.Build.0 = Debug|Any CPU
		{62A82F1C-150F-46DF-8D43-EA763AA73324}.Release|Any CPU.ActiveCfg = Release|Any CPU
		{62A82F1C-150F-46DF-8D43-EA763AA73324}.Release|Any CPU.Build.0 = Release|Any CPU
		{815A8707-C065-4B36-ACE0-F40FF4809D92}.Debug|Any CPU.ActiveCfg = Debug|Any CPU
		{815A8707-C065-4B36-ACE0-F40FF4809D92}.Debug|Any CPU.Build.0 = Debug|Any CPU
		{815A8707-C065-4B36-ACE0-F40FF4809D92}.Release|Any CPU.ActiveCfg = Release|Any CPU
		{815A8707-C065-4B36-ACE0-F40FF4809D92}.Release|Any CPU.Build.0 = Release|Any CPU
	EndGlobalSection
	GlobalSection(SolutionProperties) = preSolution
		HideSolutionNode = FALSE
	EndGlobalSection
	GlobalSection(ExtensibilityGlobals) = postSolution
		SolutionGuid = {898FD134-C407-4B08-A282-F71C621E1AF8}
	EndGlobalSection
EndGlobal
